// !$*UTF8*$!
{
	archiveVersion = 1;
	classes = {
	};
	objectVersion = 56;
	objects = {

/* Begin PBXBuildFile section */
		B5AE61702A7BA84C00C69AF3 /* AppDelegate.swift in Sources */ = {isa = PBXBuildFile; fileRef = B5AE616F2A7BA84C00C69AF3 /* AppDelegate.swift */; };
		B5AE61722A7BA84C00C69AF3 /* SceneDelegate.swift in Sources */ = {isa = PBXBuildFile; fileRef = B5AE61712A7BA84C00C69AF3 /* SceneDelegate.swift */; };
		B5AE61742A7BA84C00C69AF3 /* ViewController.swift in Sources */ = {isa = PBXBuildFile; fileRef = B5AE61732A7BA84C00C69AF3 /* ViewController.swift */; };
		B5AE61792A7BA84E00C69AF3 /* Assets.xcassets in Resources */ = {isa = PBXBuildFile; fileRef = B5AE61782A7BA84E00C69AF3 /* Assets.xcassets */; };
		B5AE617C2A7BA84E00C69AF3 /* LaunchScreen.storyboard in Resources */ = {isa = PBXBuildFile; fileRef = B5AE617A2A7BA84E00C69AF3 /* LaunchScreen.storyboard */; };
		B5AE61842A7BAE1200C69AF3 /* Model.swift in Sources */ = {isa = PBXBuildFile; fileRef = B5AE61832A7BAE1200C69AF3 /* Model.swift */; };
		B5AE61862A7BAE3E00C69AF3 /* NetworkService.swift in Sources */ = {isa = PBXBuildFile; fileRef = B5AE61852A7BAE3E00C69AF3 /* NetworkService.swift */; };
		B5AE61882A7BB02F00C69AF3 /* MainPresenter.swift in Sources */ = {isa = PBXBuildFile; fileRef = B5AE61872A7BB02F00C69AF3 /* MainPresenter.swift */; };
		B5AE618A2A7BD43100C69AF3 /* ModuleBuilder.swift in Sources */ = {isa = PBXBuildFile; fileRef = B5AE61892A7BD43100C69AF3 /* ModuleBuilder.swift */; };
/* End PBXBuildFile section */

/* Begin PBXFileReference section */
		B5AE616C2A7BA84C00C69AF3 /* ListOfDisneyCharacters.app */ = {isa = PBXFileReference; explicitFileType = wrapper.application; includeInIndex = 0; path = ListOfDisneyCharacters.app; sourceTree = BUILT_PRODUCTS_DIR; };
		B5AE616F2A7BA84C00C69AF3 /* AppDelegate.swift */ = {isa = PBXFileReference; lastKnownFileType = sourcecode.swift; path = AppDelegate.swift; sourceTree = "<group>"; };
		B5AE61712A7BA84C00C69AF3 /* SceneDelegate.swift */ = {isa = PBXFileReference; lastKnownFileType = sourcecode.swift; path = SceneDelegate.swift; sourceTree = "<group>"; };
		B5AE61732A7BA84C00C69AF3 /* ViewController.swift */ = {isa = PBXFileReference; lastKnownFileType = sourcecode.swift; path = ViewController.swift; sourceTree = "<group>"; };
		B5AE61782A7BA84E00C69AF3 /* Assets.xcassets */ = {isa = PBXFileReference; lastKnownFileType = folder.assetcatalog; path = Assets.xcassets; sourceTree = "<group>"; };
		B5AE617B2A7BA84E00C69AF3 /* Base */ = {isa = PBXFileReference; lastKnownFileType = file.storyboard; name = Base; path = Base.lproj/LaunchScreen.storyboard; sourceTree = "<group>"; };
		B5AE617D2A7BA84E00C69AF3 /* Info.plist */ = {isa = PBXFileReference; lastKnownFileType = text.plist.xml; path = Info.plist; sourceTree = "<group>"; };
		B5AE61832A7BAE1200C69AF3 /* Model.swift */ = {isa = PBXFileReference; lastKnownFileType = sourcecode.swift; path = Model.swift; sourceTree = "<group>"; };
		B5AE61852A7BAE3E00C69AF3 /* NetworkService.swift */ = {isa = PBXFileReference; lastKnownFileType = sourcecode.swift; path = NetworkService.swift; sourceTree = "<group>"; };
		B5AE61872A7BB02F00C69AF3 /* MainPresenter.swift */ = {isa = PBXFileReference; lastKnownFileType = sourcecode.swift; path = MainPresenter.swift; sourceTree = "<group>"; };
		B5AE61892A7BD43100C69AF3 /* ModuleBuilder.swift */ = {isa = PBXFileReference; lastKnownFileType = sourcecode.swift; path = ModuleBuilder.swift; sourceTree = "<group>"; };
/* End PBXFileReference section */

/* Begin PBXFrameworksBuildPhase section */
		B5AE61692A7BA84C00C69AF3 /* Frameworks */ = {
			isa = PBXFrameworksBuildPhase;
			buildActionMask = 2147483647;
			files = (
			);
			runOnlyForDeploymentPostprocessing = 0;
		};
/* End PBXFrameworksBuildPhase section */

/* Begin PBXGroup section */
		B5AE61632A7BA84C00C69AF3 = {
			isa = PBXGroup;
			children = (
				B5AE616E2A7BA84C00C69AF3 /* ListOfDisneyCharacters */,
				B5AE616D2A7BA84C00C69AF3 /* Products */,
			);
			sourceTree = "<group>";
		};
		B5AE616D2A7BA84C00C69AF3 /* Products */ = {
			isa = PBXGroup;
			children = (
				B5AE616C2A7BA84C00C69AF3 /* ListOfDisneyCharacters.app */,
			);
			name = Products;
			sourceTree = "<group>";
		};
		B5AE616E2A7BA84C00C69AF3 /* ListOfDisneyCharacters */ = {
			isa = PBXGroup;
			children = (
				B5AE616F2A7BA84C00C69AF3 /* AppDelegate.swift */,
				B5AE61712A7BA84C00C69AF3 /* SceneDelegate.swift */,
				B5AE61832A7BAE1200C69AF3 /* Model.swift */,
				B5AE61852A7BAE3E00C69AF3 /* NetworkService.swift */,
				B5AE61872A7BB02F00C69AF3 /* MainPresenter.swift */,
				B5AE61732A7BA84C00C69AF3 /* ViewController.swift */,
				B5AE61892A7BD43100C69AF3 /* ModuleBuilder.swift */,
				B5AE61782A7BA84E00C69AF3 /* Assets.xcassets */,
				B5AE617A2A7BA84E00C69AF3 /* LaunchScreen.storyboard */,
				B5AE617D2A7BA84E00C69AF3 /* Info.plist */,
			);
			path = ListOfDisneyCharacters;
			sourceTree = "<group>";
		};
/* End PBXGroup section */

/* Begin PBXNativeTarget section */
		B5AE616B2A7BA84C00C69AF3 /* ListOfDisneyCharacters */ = {
			isa = PBXNativeTarget;
			buildConfigurationList = B5AE61802A7BA84E00C69AF3 /* Build configuration list for PBXNativeTarget "ListOfDisneyCharacters" */;
			buildPhases = (
				B5AE61682A7BA84C00C69AF3 /* Sources */,
				B5AE61692A7BA84C00C69AF3 /* Frameworks */,
				B5AE616A2A7BA84C00C69AF3 /* Resources */,
			);
			buildRules = (
			);
			dependencies = (
			);
			name = ListOfDisneyCharacters;
			productName = ListOfDisneyCharacters;
			productReference = B5AE616C2A7BA84C00C69AF3 /* ListOfDisneyCharacters.app */;
			productType = "com.apple.product-type.application";
		};
/* End PBXNativeTarget section */

/* Begin PBXProject section */
		B5AE61642A7BA84C00C69AF3 /* Project object */ = {
			isa = PBXProject;
			attributes = {
				BuildIndependentTargetsInParallel = 1;
				LastSwiftUpdateCheck = 1430;
				LastUpgradeCheck = 1430;
				TargetAttributes = {
					B5AE616B2A7BA84C00C69AF3 = {
						CreatedOnToolsVersion = 14.3.1;
					};
				};
			};
			buildConfigurationList = B5AE61672A7BA84C00C69AF3 /* Build configuration list for PBXProject "ListOfDisneyCharacters" */;
			compatibilityVersion = "Xcode 14.0";
			developmentRegion = en;
			hasScannedForEncodings = 0;
			knownRegions = (
				en,
				Base,
			);
			mainGroup = B5AE61632A7BA84C00C69AF3;
			productRefGroup = B5AE616D2A7BA84C00C69AF3 /* Products */;
			projectDirPath = "";
			projectRoot = "";
			targets = (
				B5AE616B2A7BA84C00C69AF3 /* ListOfDisneyCharacters */,
			);
		};
/* End PBXProject section */

/* Begin PBXResourcesBuildPhase section */
		B5AE616A2A7BA84C00C69AF3 /* Resources */ = {
			isa = PBXResourcesBuildPhase;
			buildActionMask = 2147483647;
			files = (
				B5AE617C2A7BA84E00C69AF3 /* LaunchScreen.storyboard in Resources */,
				B5AE61792A7BA84E00C69AF3 /* Assets.xcassets in Resources */,
			);
			runOnlyForDeploymentPostprocessing = 0;
		};
/* End PBXResourcesBuildPhase section */

/* Begin PBXSourcesBuildPhase section */
		B5AE61682A7BA84C00C69AF3 /* Sources */ = {
			isa = PBXSourcesBuildPhase;
			buildActionMask = 2147483647;
			files = (
				B5AE61862A7BAE3E00C69AF3 /* NetworkService.swift in Sources */,
				B5AE61882A7BB02F00C69AF3 /* MainPresenter.swift in Sources */,
				B5AE61742A7BA84C00C69AF3 /* ViewController.swift in Sources */,
				B5AE61702A7BA84C00C69AF3 /* AppDelegate.swift in Sources */,
				B5AE618A2A7BD43100C69AF3 /* ModuleBuilder.swift in Sources */,
				B5AE61722A7BA84C00C69AF3 /* SceneDelegate.swift in Sources */,
				B5AE61842A7BAE1200C69AF3 /* Model.swift in Sources */,
			);
			runOnlyForDeploymentPostprocessing = 0;
		};
/* End PBXSourcesBuildPhase section */

/* Begin PBXVariantGroup section */
		B5AE617A2A7BA84E00C69AF3 /* LaunchScreen.storyboard */ = {
			isa = PBXVariantGroup;
			children = (
				B5AE617B2A7BA84E00C69AF3 /* Base */,
			);
			name = LaunchScreen.storyboard;
			sourceTree = "<group>";
		};
/* End PBXVariantGroup section */

/* Begin XCBuildConfiguration section */
		B5AE617E2A7BA84E00C69AF3 /* Debug */ = {
			isa = XCBuildConfiguration;
			buildSettings = {
				ALWAYS_SEARCH_USER_PATHS = NO;
				CLANG_ANALYZER_NONNULL = YES;
				CLANG_ANALYZER_NUMBER_OBJECT_CONVERSION = YES_AGGRESSIVE;
				CLANG_CXX_LANGUAGE_STANDARD = "gnu++20";
				CLANG_ENABLE_MODULES = YES;
				CLANG_ENABLE_OBJC_ARC = YES;
				CLANG_ENABLE_OBJC_WEAK = YES;
				CLANG_WARN_BLOCK_CAPTURE_AUTORELEASING = YES;
				CLANG_WARN_BOOL_CONVERSION = YES;
				CLANG_WARN_COMMA = YES;
				CLANG_WARN_CONSTANT_CONVERSION = YES;
				CLANG_WARN_DEPRECATED_OBJC_IMPLEMENTATIONS = YES;
				CLANG_WARN_DIRECT_OBJC_ISA_USAGE = YES_ERROR;
				CLANG_WARN_DOCUMENTATION_COMMENTS = YES;
				CLANG_WARN_EMPTY_BODY = YES;
				CLANG_WARN_ENUM_CONVERSION = YES;
				CLANG_WARN_INFINITE_RECURSION = YES;
				CLANG_WARN_INT_CONVERSION = YES;
				CLANG_WARN_NON_LITERAL_NULL_CONVERSION = YES;
				CLANG_WARN_OBJC_IMPLICIT_RETAIN_SELF = YES;
				CLANG_WARN_OBJC_LITERAL_CONVERSION = YES;
				CLANG_WARN_OBJC_ROOT_CLASS = YES_ERROR;
				CLANG_WARN_QUOTED_INCLUDE_IN_FRAMEWORK_HEADER = YES;
				CLANG_WARN_RANGE_LOOP_ANALYSIS = YES;
				CLANG_WARN_STRICT_PROTOTYPES = YES;
				CLANG_WARN_SUSPICIOUS_MOVE = YES;
				CLANG_WARN_UNGUARDED_AVAILABILITY = YES_AGGRESSIVE;
				CLANG_WARN_UNREACHABLE_CODE = YES;
				CLANG_WARN__DUPLICATE_METHOD_MATCH = YES;
				COPY_PHASE_STRIP = NO;
				DEBUG_INFORMATION_FORMAT = dwarf;
				ENABLE_STRICT_OBJC_MSGSEND = YES;
				ENABLE_TESTABILITY = YES;
				GCC_C_LANGUAGE_STANDARD = gnu11;
				GCC_DYNAMIC_NO_PIC = NO;
				GCC_NO_COMMON_BLOCKS = YES;
				GCC_OPTIMIZATION_LEVEL = 0;
				GCC_PREPROCESSOR_DEFINITIONS = (
					"DEBUG=1",
					"$(inherited)",
				);
				GCC_WARN_64_TO_32_BIT_CONVERSION = YES;
				GCC_WARN_ABOUT_RETURN_TYPE = YES_ERROR;
				GCC_WARN_UNDECLARED_SELECTOR = YES;
				GCC_WARN_UNINITIALIZED_AUTOS = YES_AGGRESSIVE;
				GCC_WARN_UNUSED_FUNCTION = YES;
				GCC_WARN_UNUSED_VARIABLE = YES;
				IPHONEOS_DEPLOYMENT_TARGET = 16.4;
				MTL_ENABLE_DEBUG_INFO = INCLUDE_SOURCE;
				MTL_FAST_MATH = YES;
				ONLY_ACTIVE_ARCH = YES;
				SDKROOT = iphoneos;
				SWIFT_ACTIVE_COMPILATION_CONDITIONS = DEBUG;
				SWIFT_OPTIMIZATION_LEVEL = "-Onone";
			};
			name = Debug;
		};
		B5AE617F2A7BA84E00C69AF3 /* Release */ = {
			isa = XCBuildConfiguration;
			buildSettings = {
				ALWAYS_SEARCH_USER_PATHS = NO;
				CLANG_ANALYZER_NONNULL = YES;
				CLANG_ANALYZER_NUMBER_OBJECT_CONVERSION = YES_AGGRESSIVE;
				CLANG_CXX_LANGUAGE_STANDARD = "gnu++20";
				CLANG_ENABLE_MODULES = YES;
				CLANG_ENABLE_OBJC_ARC = YES;
				CLANG_ENABLE_OBJC_WEAK = YES;
				CLANG_WARN_BLOCK_CAPTURE_AUTORELEASING = YES;
				CLANG_WARN_BOOL_CONVERSION = YES;
				CLANG_WARN_COMMA = YES;
				CLANG_WARN_CONSTANT_CONVERSION = YES;
				CLANG_WARN_DEPRECATED_OBJC_IMPLEMENTATIONS = YES;
				CLANG_WARN_DIRECT_OBJC_ISA_USAGE = YES_ERROR;
				CLANG_WARN_DOCUMENTATION_COMMENTS = YES;
				CLANG_WARN_EMPTY_BODY = YES;
				CLANG_WARN_ENUM_CONVERSION = YES;
				CLANG_WARN_INFINITE_RECURSION = YES;
				CLANG_WARN_INT_CONVERSION = YES;
				CLANG_WARN_NON_LITERAL_NULL_CONVERSION = YES;
				CLANG_WARN_OBJC_IMPLICIT_RETAIN_SELF = YES;
				CLANG_WARN_OBJC_LITERAL_CONVERSION = YES;
				CLANG_WARN_OBJC_ROOT_CLASS = YES_ERROR;
				CLANG_WARN_QUOTED_INCLUDE_IN_FRAMEWORK_HEADER = YES;
				CLANG_WARN_RANGE_LOOP_ANALYSIS = YES;
				CLANG_WARN_STRICT_PROTOTYPES = YES;
				CLANG_WARN_SUSPICIOUS_MOVE = YES;
				CLANG_WARN_UNGUARDED_AVAILABILITY = YES_AGGRESSIVE;
				CLANG_WARN_UNREACHABLE_CODE = YES;
				CLANG_WARN__DUPLICATE_METHOD_MATCH = YES;
				COPY_PHASE_STRIP = NO;
				DEBUG_INFORMATION_FORMAT = "dwarf-with-dsym";
				ENABLE_NS_ASSERTIONS = NO;
				ENABLE_STRICT_OBJC_MSGSEND = YES;
				GCC_C_LANGUAGE_STANDARD = gnu11;
				GCC_NO_COMMON_BLOCKS = YES;
				GCC_WARN_64_TO_32_BIT_CONVERSION = YES;
				GCC_WARN_ABOUT_RETURN_TYPE = YES_ERROR;
				GCC_WARN_UNDECLARED_SELECTOR = YES;
				GCC_WARN_UNINITIALIZED_AUTOS = YES_AGGRESSIVE;
				GCC_WARN_UNUSED_FUNCTION = YES;
				GCC_WARN_UNUSED_VARIABLE = YES;
				IPHONEOS_DEPLOYMENT_TARGET = 16.4;
				MTL_ENABLE_DEBUG_INFO = NO;
				MTL_FAST_MATH = YES;
				SDKROOT = iphoneos;
				SWIFT_COMPILATION_MODE = wholemodule;
				SWIFT_OPTIMIZATION_LEVEL = "-O";
				VALIDATE_PRODUCT = YES;
			};
			name = Release;
		};
		B5AE61812A7BA84E00C69AF3 /* Debug */ = {
			isa = XCBuildConfiguration;
			buildSettings = {
				ASSETCATALOG_COMPILER_APPICON_NAME = AppIcon;
				ASSETCATALOG_COMPILER_GLOBAL_ACCENT_COLOR_NAME = AccentColor;
				CODE_SIGN_STYLE = Automatic;
				CURRENT_PROJECT_VERSION = 1;
				DEVELOPMENT_TEAM = H87TDKA3ZG;
				GENERATE_INFOPLIST_FILE = YES;
				INFOPLIST_FILE = ListOfDisneyCharacters/Info.plist;
				INFOPLIST_KEY_UIApplicationSupportsIndirectInputEvents = YES;
				INFOPLIST_KEY_UILaunchStoryboardName = LaunchScreen;
				INFOPLIST_KEY_UISupportedInterfaceOrientations_iPad = "UIInterfaceOrientationPortrait UIInterfaceOrientationPortraitUpsideDown UIInterfaceOrientationLandscapeLeft UIInterfaceOrientationLandscapeRight";
				INFOPLIST_KEY_UISupportedInterfaceOrientations_iPhone = "UIInterfaceOrientationPortrait UIInterfaceOrientationLandscapeLeft UIInterfaceOrientationLandscapeRight";
				LD_RUNPATH_SEARCH_PATHS = (
					"$(inherited)",
					"@executable_path/Frameworks",
				);
				MARKETING_VERSION = 1.0;
				PRODUCT_BUNDLE_IDENTIFIER = com.my.ListOfDisneyCharacters;
				PRODUCT_NAME = "$(TARGET_NAME)";
				SWIFT_EMIT_LOC_STRINGS = YES;
				SWIFT_VERSION = 5.0;
				TARGETED_DEVICE_FAMILY = "1,2";
			};
			name = Debug;
		};
		B5AE61822A7BA84E00C69AF3 /* Release */ = {
			isa = XCBuildConfiguration;
			buildSettings = {
				ASSETCATALOG_COMPILER_APPICON_NAME = AppIcon;
				ASSETCATALOG_COMPILER_GLOBAL_ACCENT_COLOR_NAME = AccentColor;
				CODE_SIGN_STYLE = Automatic;
				CURRENT_PROJECT_VERSION = 1;
				DEVELOPMENT_TEAM = H87TDKA3ZG;
				GENERATE_INFOPLIST_FILE = YES;
				INFOPLIST_FILE = ListOfDisneyCharacters/Info.plist;
				INFOPLIST_KEY_UIApplicationSupportsIndirectInputEvents = YES;
				INFOPLIST_KEY_UILaunchStoryboardName = LaunchScreen;
				INFOPLIST_KEY_UISupportedInterfaceOrientations_iPad = "UIInterfaceOrientationPortrait UIInterfaceOrientationPortraitUpsideDown UIInterfaceOrientationLandscapeLeft UIInterfaceOrientationLandscapeRight";
				INFOPLIST_KEY_UISupportedInterfaceOrientations_iPhone = "UIInterfaceOrientationPortrait UIInterfaceOrientationLandscapeLeft UIInterfaceOrientationLandscapeRight";
				LD_RUNPATH_SEARCH_PATHS = (
					"$(inherited)",
					"@executable_path/Frameworks",
				);
				MARKETING_VERSION = 1.0;
				PRODUCT_BUNDLE_IDENTIFIER = com.my.ListOfDisneyCharacters;
				PRODUCT_NAME = "$(TARGET_NAME)";
				SWIFT_EMIT_LOC_STRINGS = YES;
				SWIFT_VERSION = 5.0;
				TARGETED_DEVICE_FAMILY = "1,2";
			};
			name = Release;
		};
/* End XCBuildConfiguration section */

/* Begin XCConfigurationList section */
		B5AE61672A7BA84C00C69AF3 /* Build configuration list for PBXProject "ListOfDisneyCharacters" */ = {
			isa = XCConfigurationList;
			buildConfigurations = (
				B5AE617E2A7BA84E00C69AF3 /* Debug */,
				B5AE617F2A7BA84E00C69AF3 /* Release */,
			);
			defaultConfigurationIsVisible = 0;
			defaultConfigurationName = Release;
		};
		B5AE61802A7BA84E00C69AF3 /* Build configuration list for PBXNativeTarget "ListOfDisneyCharacters" */ = {
			isa = XCConfigurationList;
			buildConfigurations = (
				B5AE61812A7BA84E00C69AF3 /* Debug */,
				B5AE61822A7BA84E00C69AF3 /* Release */,
			);
			defaultConfigurationIsVisible = 0;
			defaultConfigurationName = Release;
		};
/* End XCConfigurationList section */
	};
	rootObject = B5AE61642A7BA84C00C69AF3 /* Project object */;
}
